{
    "version": 3,
    "terraform_version": "0.11.12",
    "serial": 3,
    "lineage": "1d007b01-0cbe-02c4-cf08-b9ed800a93a2",
    "modules": [
        {
            "path": [
                "root"
            ],
            "outputs": {},
            "resources": {
                "aws_emr_cluster.emr-spark-cluster": {
                    "type": "aws_emr_cluster",
                    "depends_on": [
                        "aws_iam_instance_profile.emr_profile",
                        "aws_iam_role.spark_cluster_iam_emr_service_role",
                        "aws_security_group.core_instance_security_group",
                        "aws_security_group.master_security_group"
                    ],
                    "primary": {
                        "id": "j-1ZL6JB2DX6993",
                        "attributes": {
                            "applications.#": "3",
                            "applications.1557323817": "Spark",
                            "applications.2430401924": "Ganglia",
                            "applications.3652851695": "Zeppelin",
                            "autoscaling_role": "",
                            "bootstrap_action.#": "1",
                            "bootstrap_action.1122794416.args.#": "2",
                            "bootstrap_action.1122794416.args.0": "instance.isMaster=true",
                            "bootstrap_action.1122794416.args.1": "echo running on master node",
                            "bootstrap_action.1122794416.name": "runif",
                            "bootstrap_action.1122794416.path": "s3://elasticmapreduce/bootstrap-actions/run-if",
                            "cluster_state": "WAITING",
                            "core_instance_count": "1",
                            "core_instance_group.#": "1",
                            "core_instance_group.0.autoscaling_policy": "",
                            "core_instance_group.0.bid_price": "",
                            "core_instance_group.0.ebs_config.#": "1",
                            "core_instance_group.0.ebs_config.3363804840.iops": "0",
                            "core_instance_group.0.ebs_config.3363804840.size": "20",
                            "core_instance_group.0.ebs_config.3363804840.type": "gp2",
                            "core_instance_group.0.ebs_config.3363804840.volumes_per_instance": "1",
                            "core_instance_group.0.id": "ig-2VJDHCENOSFI3",
                            "core_instance_group.0.instance_count": "1",
                            "core_instance_group.0.instance_type": "m4.large",
                            "core_instance_group.0.name": "",
                            "core_instance_type": "m4.large",
                            "ebs_root_volume_size": "0",
                            "ec2_attributes.#": "1",
                            "ec2_attributes.0.additional_master_security_groups": "",
                            "ec2_attributes.0.additional_slave_security_groups": "",
                            "ec2_attributes.0.emr_managed_master_security_group": "sg-066d9378400cc24cc",
                            "ec2_attributes.0.emr_managed_slave_security_group": "sg-0824a45bf48b15877",
                            "ec2_attributes.0.instance_profile": "arn:aws:iam::397929331209:instance-profile/spark_cluster_emr_profile",
                            "ec2_attributes.0.key_name": "javakey",
                            "ec2_attributes.0.service_access_security_group": "",
                            "ec2_attributes.0.subnet_id": "subnet-0733eef8ee5047f4e",
                            "id": "j-1ZL6JB2DX6993",
                            "instance_group.#": "2",
                            "instance_group.1389454829.autoscaling_policy": "",
                            "instance_group.1389454829.bid_price": "",
                            "instance_group.1389454829.ebs_config.#": "1",
                            "instance_group.1389454829.ebs_config.3363804840.iops": "0",
                            "instance_group.1389454829.ebs_config.3363804840.size": "20",
                            "instance_group.1389454829.ebs_config.3363804840.type": "gp2",
                            "instance_group.1389454829.ebs_config.3363804840.volumes_per_instance": "1",
                            "instance_group.1389454829.id": "ig-2VJDHCENOSFI3",
                            "instance_group.1389454829.instance_count": "1",
                            "instance_group.1389454829.instance_role": "CORE",
                            "instance_group.1389454829.instance_type": "m4.large",
                            "instance_group.1389454829.name": "",
                            "instance_group.693700186.autoscaling_policy": "",
                            "instance_group.693700186.bid_price": "",
                            "instance_group.693700186.ebs_config.#": "1",
                            "instance_group.693700186.ebs_config.2636219798.iops": "0",
                            "instance_group.693700186.ebs_config.2636219798.size": "32",
                            "instance_group.693700186.ebs_config.2636219798.type": "gp2",
                            "instance_group.693700186.ebs_config.2636219798.volumes_per_instance": "1",
                            "instance_group.693700186.id": "ig-39P3G8GIUEB2N",
                            "instance_group.693700186.instance_count": "1",
                            "instance_group.693700186.instance_role": "MASTER",
                            "instance_group.693700186.instance_type": "m4.large",
                            "instance_group.693700186.name": "",
                            "keep_job_flow_alive_when_no_steps": "true",
                            "kerberos_attributes.#": "0",
                            "log_uri": "",
                            "master_instance_group.#": "1",
                            "master_instance_group.0.bid_price": "",
                            "master_instance_group.0.ebs_config.#": "1",
                            "master_instance_group.0.ebs_config.2636219798.iops": "0",
                            "master_instance_group.0.ebs_config.2636219798.size": "32",
                            "master_instance_group.0.ebs_config.2636219798.type": "gp2",
                            "master_instance_group.0.ebs_config.2636219798.volumes_per_instance": "1",
                            "master_instance_group.0.id": "ig-39P3G8GIUEB2N",
                            "master_instance_group.0.instance_type": "m4.large",
                            "master_instance_group.0.name": "",
                            "master_instance_type": "m4.large",
                            "master_public_dns": "ec2-34-201-122-137.compute-1.amazonaws.com",
                            "name": "EMR-cluster",
                            "release_label": "emr-5.9.0",
                            "scale_down_behavior": "TERMINATE_AT_INSTANCE_HOUR",
                            "security_configuration": "",
                            "service_role": "arn:aws:iam::397929331209:role/spark_cluster_emr_service_role",
                            "step.#": "0",
                            "tags.%": "0",
                            "termination_protection": "false",
                            "visible_to_all_users": "true"
                        },
                        "meta": {},
                        "tainted": false
                    },
                    "deposed": [],
                    "provider": "provider.aws"
                },
                "aws_iam_instance_profile.emr_profile": {
                    "type": "aws_iam_instance_profile",
                    "depends_on": [
                        "aws_iam_role.spark_cluster_iam_emr_profile_role"
                    ],
                    "primary": {
                        "id": "spark_cluster_emr_profile",
                        "attributes": {
                            "arn": "arn:aws:iam::397929331209:instance-profile/spark_cluster_emr_profile",
                            "create_date": "2019-06-10T02:39:34Z",
                            "id": "spark_cluster_emr_profile",
                            "name": "spark_cluster_emr_profile",
                            "path": "/",
                            "role": "spark_cluster_emr_profile_role",
                            "roles.#": "1",
                            "roles.1670362074": "spark_cluster_emr_profile_role",
                            "unique_id": "AIPAVZJTPXIESSIGVAXCV"
                        },
                        "meta": {},
                        "tainted": false
                    },
                    "deposed": [],
                    "provider": "provider.aws"
                },
                "aws_iam_role.spark_cluster_iam_emr_profile_role": {
                    "type": "aws_iam_role",
                    "depends_on": [],
                    "primary": {
                        "id": "spark_cluster_emr_profile_role",
                        "attributes": {
                            "arn": "arn:aws:iam::397929331209:role/spark_cluster_emr_profile_role",
                            "assume_role_policy": "{\"Version\":\"2008-10-17\",\"Statement\":[{\"Sid\":\"\",\"Effect\":\"Allow\",\"Principal\":{\"Service\":\"ec2.amazonaws.com\"},\"Action\":\"sts:AssumeRole\"}]}",
                            "create_date": "2019-06-10T02:39:34Z",
                            "description": "",
                            "force_detach_policies": "false",
                            "id": "spark_cluster_emr_profile_role",
                            "max_session_duration": "3600",
                            "name": "spark_cluster_emr_profile_role",
                            "path": "/",
                            "tags.%": "0",
                            "unique_id": "AROAVZJTPXIEQSL2XRPPA"
                        },
                        "meta": {},
                        "tainted": false
                    },
                    "deposed": [],
                    "provider": "provider.aws"
                },
                "aws_iam_role.spark_cluster_iam_emr_service_role": {
                    "type": "aws_iam_role",
                    "depends_on": [],
                    "primary": {
                        "id": "spark_cluster_emr_service_role",
                        "attributes": {
                            "arn": "arn:aws:iam::397929331209:role/spark_cluster_emr_service_role",
                            "assume_role_policy": "{\"Version\":\"2008-10-17\",\"Statement\":[{\"Sid\":\"\",\"Effect\":\"Allow\",\"Principal\":{\"Service\":\"elasticmapreduce.amazonaws.com\"},\"Action\":\"sts:AssumeRole\"}]}",
                            "create_date": "2019-06-10T02:39:34Z",
                            "description": "",
                            "force_detach_policies": "false",
                            "id": "spark_cluster_emr_service_role",
                            "max_session_duration": "3600",
                            "name": "spark_cluster_emr_service_role",
                            "path": "/",
                            "tags.%": "0",
                            "unique_id": "AROAVZJTPXIE45AJXLXS6"
                        },
                        "meta": {},
                        "tainted": false
                    },
                    "deposed": [],
                    "provider": "provider.aws"
                },
                "aws_iam_role_policy_attachment.emr-service-policy-attach": {
                    "type": "aws_iam_role_policy_attachment",
                    "depends_on": [
                        "aws_iam_role.spark_cluster_iam_emr_service_role"
                    ],
                    "primary": {
                        "id": "spark_cluster_emr_service_role-20190610023935001700000001",
                        "attributes": {
                            "id": "spark_cluster_emr_service_role-20190610023935001700000001",
                            "policy_arn": "arn:aws:iam::aws:policy/service-role/AmazonElasticMapReduceRole",
                            "role": "spark_cluster_emr_service_role"
                        },
                        "meta": {},
                        "tainted": false
                    },
                    "deposed": [],
                    "provider": "provider.aws"
                },
                "aws_iam_role_policy_attachment.profile-policy-attach": {
                    "type": "aws_iam_role_policy_attachment",
                    "depends_on": [
                        "aws_iam_role.spark_cluster_iam_emr_profile_role"
                    ],
                    "primary": {
                        "id": "spark_cluster_emr_profile_role-20190610023935001700000002",
                        "attributes": {
                            "id": "spark_cluster_emr_profile_role-20190610023935001700000002",
                            "policy_arn": "arn:aws:iam::aws:policy/service-role/AmazonElasticMapReduceforEC2Role",
                            "role": "spark_cluster_emr_profile_role"
                        },
                        "meta": {},
                        "tainted": false
                    },
                    "deposed": [],
                    "provider": "provider.aws"
                },
                "aws_security_group.core_instance_security_group": {
                    "type": "aws_security_group",
                    "depends_on": [],
                    "primary": {
                        "id": "sg-0824a45bf48b15877",
                        "attributes": {
                            "arn": "arn:aws:ec2:us-east-1:397929331209:security-group/sg-0824a45bf48b15877",
                            "description": "Allow all internal traffic",
                            "egress.#": "1",
                            "egress.482069346.cidr_blocks.#": "1",
                            "egress.482069346.cidr_blocks.0": "0.0.0.0/0",
                            "egress.482069346.description": "",
                            "egress.482069346.from_port": "0",
                            "egress.482069346.ipv6_cidr_blocks.#": "0",
                            "egress.482069346.prefix_list_ids.#": "0",
                            "egress.482069346.protocol": "-1",
                            "egress.482069346.security_groups.#": "0",
                            "egress.482069346.self": "false",
                            "egress.482069346.to_port": "0",
                            "id": "sg-0824a45bf48b15877",
                            "ingress.#": "2",
                            "ingress.2933523842.cidr_blocks.#": "1",
                            "ingress.2933523842.cidr_blocks.0": "0.0.0.0/16",
                            "ingress.2933523842.description": "",
                            "ingress.2933523842.from_port": "22",
                            "ingress.2933523842.ipv6_cidr_blocks.#": "0",
                            "ingress.2933523842.prefix_list_ids.#": "0",
                            "ingress.2933523842.protocol": "TCP",
                            "ingress.2933523842.security_groups.#": "0",
                            "ingress.2933523842.self": "false",
                            "ingress.2933523842.to_port": "22",
                            "ingress.753360330.cidr_blocks.#": "0",
                            "ingress.753360330.description": "",
                            "ingress.753360330.from_port": "0",
                            "ingress.753360330.ipv6_cidr_blocks.#": "0",
                            "ingress.753360330.prefix_list_ids.#": "0",
                            "ingress.753360330.protocol": "-1",
                            "ingress.753360330.security_groups.#": "0",
                            "ingress.753360330.self": "true",
                            "ingress.753360330.to_port": "0",
                            "name": "core_instance_security_group",
                            "owner_id": "397929331209",
                            "revoke_rules_on_delete": "true",
                            "tags.%": "0",
                            "vpc_id": "vpc-08e5c60e3c6921176"
                        },
                        "meta": {
                            "e2bfb730-ecaa-11e6-8f88-34363bc7c4c0": {
                                "create": 600000000000,
                                "delete": 600000000000
                            },
                            "schema_version": "1"
                        },
                        "tainted": false
                    },
                    "deposed": [],
                    "provider": "provider.aws"
                },
                "aws_security_group.master_security_group": {
                    "type": "aws_security_group",
                    "depends_on": [],
                    "primary": {
                        "id": "sg-066d9378400cc24cc",
                        "attributes": {
                            "arn": "arn:aws:ec2:us-east-1:397929331209:security-group/sg-066d9378400cc24cc",
                            "description": "Allow inbound traffic from VPN",
                            "egress.#": "1",
                            "egress.482069346.cidr_blocks.#": "1",
                            "egress.482069346.cidr_blocks.0": "0.0.0.0/0",
                            "egress.482069346.description": "",
                            "egress.482069346.from_port": "0",
                            "egress.482069346.ipv6_cidr_blocks.#": "0",
                            "egress.482069346.prefix_list_ids.#": "0",
                            "egress.482069346.protocol": "-1",
                            "egress.482069346.security_groups.#": "0",
                            "egress.482069346.self": "false",
                            "egress.482069346.to_port": "0",
                            "id": "sg-066d9378400cc24cc",
                            "ingress.#": "7",
                            "ingress.1694877137.cidr_blocks.#": "1",
                            "ingress.1694877137.cidr_blocks.0": "0.0.0.0/0",
                            "ingress.1694877137.description": "",
                            "ingress.1694877137.from_port": "8088",
                            "ingress.1694877137.ipv6_cidr_blocks.#": "0",
                            "ingress.1694877137.prefix_list_ids.#": "0",
                            "ingress.1694877137.protocol": "TCP",
                            "ingress.1694877137.security_groups.#": "0",
                            "ingress.1694877137.self": "false",
                            "ingress.1694877137.to_port": "8088",
                            "ingress.186286111.cidr_blocks.#": "1",
                            "ingress.186286111.cidr_blocks.0": "0.0.0.0/0",
                            "ingress.186286111.description": "",
                            "ingress.186286111.from_port": "4040",
                            "ingress.186286111.ipv6_cidr_blocks.#": "0",
                            "ingress.186286111.prefix_list_ids.#": "0",
                            "ingress.186286111.protocol": "TCP",
                            "ingress.186286111.security_groups.#": "0",
                            "ingress.186286111.self": "false",
                            "ingress.186286111.to_port": "4040",
                            "ingress.2214680975.cidr_blocks.#": "1",
                            "ingress.2214680975.cidr_blocks.0": "0.0.0.0/0",
                            "ingress.2214680975.description": "",
                            "ingress.2214680975.from_port": "80",
                            "ingress.2214680975.ipv6_cidr_blocks.#": "0",
                            "ingress.2214680975.prefix_list_ids.#": "0",
                            "ingress.2214680975.protocol": "TCP",
                            "ingress.2214680975.security_groups.#": "0",
                            "ingress.2214680975.self": "false",
                            "ingress.2214680975.to_port": "80",
                            "ingress.2464670113.cidr_blocks.#": "1",
                            "ingress.2464670113.cidr_blocks.0": "0.0.0.0/0",
                            "ingress.2464670113.description": "",
                            "ingress.2464670113.from_port": "18080",
                            "ingress.2464670113.ipv6_cidr_blocks.#": "0",
                            "ingress.2464670113.prefix_list_ids.#": "0",
                            "ingress.2464670113.protocol": "TCP",
                            "ingress.2464670113.security_groups.#": "0",
                            "ingress.2464670113.self": "false",
                            "ingress.2464670113.to_port": "18080",
                            "ingress.2541437006.cidr_blocks.#": "1",
                            "ingress.2541437006.cidr_blocks.0": "0.0.0.0/0",
                            "ingress.2541437006.description": "",
                            "ingress.2541437006.from_port": "22",
                            "ingress.2541437006.ipv6_cidr_blocks.#": "0",
                            "ingress.2541437006.prefix_list_ids.#": "0",
                            "ingress.2541437006.protocol": "TCP",
                            "ingress.2541437006.security_groups.#": "0",
                            "ingress.2541437006.self": "false",
                            "ingress.2541437006.to_port": "22",
                            "ingress.4174633870.cidr_blocks.#": "1",
                            "ingress.4174633870.cidr_blocks.0": "0.0.0.0/0",
                            "ingress.4174633870.description": "",
                            "ingress.4174633870.from_port": "8890",
                            "ingress.4174633870.ipv6_cidr_blocks.#": "0",
                            "ingress.4174633870.prefix_list_ids.#": "0",
                            "ingress.4174633870.protocol": "TCP",
                            "ingress.4174633870.security_groups.#": "0",
                            "ingress.4174633870.self": "false",
                            "ingress.4174633870.to_port": "8890",
                            "ingress.753360330.cidr_blocks.#": "0",
                            "ingress.753360330.description": "",
                            "ingress.753360330.from_port": "0",
                            "ingress.753360330.ipv6_cidr_blocks.#": "0",
                            "ingress.753360330.prefix_list_ids.#": "0",
                            "ingress.753360330.protocol": "-1",
                            "ingress.753360330.security_groups.#": "0",
                            "ingress.753360330.self": "true",
                            "ingress.753360330.to_port": "0",
                            "name": "master_security_group",
                            "owner_id": "397929331209",
                            "revoke_rules_on_delete": "true",
                            "tags.%": "0",
                            "vpc_id": "vpc-08e5c60e3c6921176"
                        },
                        "meta": {
                            "e2bfb730-ecaa-11e6-8f88-34363bc7c4c0": {
                                "create": 600000000000,
                                "delete": 600000000000
                            },
                            "schema_version": "1"
                        },
                        "tainted": false
                    },
                    "deposed": [],
                    "provider": "provider.aws"
                }
            },
            "depends_on": []
        }
    ]
}
