{
    "version": 3,
    "terraform_version": "0.11.12",
    "serial": 11,
    "lineage": "4fb3cc4c-70e3-956e-f333-fdd7396809e3",
    "modules": [
        {
            "path": [
                "root"
            ],
            "outputs": {
                "config_map_aws_auth": {
                    "sensitive": false,
                    "type": "string",
                    "value": "\n\napiVersion: v1\nkind: ConfigMap\nmetadata:\n  name: aws-auth\n  namespace: kube-system\ndata:\n  mapRoles: |\n    - rolearn: arn:aws:iam::397929331209:role/EKSTEST-testteam-non-prod-eks-worker-role\n      username: system:node:{{EC2PrivateDNSName}}\n      groups:\n        - system:bootstrappers\n        - system:nodes\n"
                }
            },
            "resources": {
                "aws_autoscaling_group.worker-node-asg": {
                    "type": "aws_autoscaling_group",
                    "depends_on": [
                        "aws_launch_configuration.worker-node-lc"
                    ],
                    "primary": {
                        "id": "EKSTEST-testteam-non-prod-eks-workers-node",
                        "attributes": {
                            "arn": "arn:aws:autoscaling:us-east-1:397929331209:autoScalingGroup:f6e62f75-cc5a-4bcb-b413-4f148a4fbf37:autoScalingGroupName/EKSTEST-testteam-non-prod-eks-workers-node",
                            "availability_zones.#": "2",
                            "availability_zones.1305112097": "us-east-1b",
                            "availability_zones.3569565595": "us-east-1a",
                            "default_cooldown": "300",
                            "desired_capacity": "2",
                            "enabled_metrics.#": "0",
                            "force_delete": "false",
                            "health_check_grace_period": "300",
                            "health_check_type": "EC2",
                            "id": "EKSTEST-testteam-non-prod-eks-workers-node",
                            "launch_configuration": "EKSTEST-testteam-non-prod-worker-node-20190609162439119500000001",
                            "launch_template.#": "0",
                            "load_balancers.#": "0",
                            "max_size": "2",
                            "metrics_granularity": "1Minute",
                            "min_size": "1",
                            "mixed_instances_policy.#": "0",
                            "name": "EKSTEST-testteam-non-prod-eks-workers-node",
                            "placement_group": "",
                            "protect_from_scale_in": "false",
                            "service_linked_role_arn": "arn:aws:iam::397929331209:role/aws-service-role/autoscaling.amazonaws.com/AWSServiceRoleForAutoScaling",
                            "suspended_processes.#": "0",
                            "tag.#": "2",
                            "tag.2829959355.key": "Name",
                            "tag.2829959355.propagate_at_launch": "true",
                            "tag.2829959355.value": "EKSTEST-testteam-non-prod-workers-asg",
                            "tag.3557173404.key": "kubernetes.io/cluster/EKSTEST-testteam-non-prod-eks-cluster",
                            "tag.3557173404.propagate_at_launch": "true",
                            "tag.3557173404.value": "owned",
                            "target_group_arns.#": "0",
                            "termination_policies.#": "0",
                            "vpc_zone_identifier.#": "2",
                            "vpc_zone_identifier.2582964271": "subnet-0c44797a86bd8524e",
                            "vpc_zone_identifier.4199784445": "subnet-0733eef8ee5047f4e",
                            "wait_for_capacity_timeout": "10m"
                        },
                        "meta": {
                            "e2bfb730-ecaa-11e6-8f88-34363bc7c4c0": {
                                "delete": 600000000000
                            }
                        },
                        "tainted": false
                    },
                    "deposed": [],
                    "provider": "provider.aws"
                },
                "aws_eks_cluster.eks-cluster": {
                    "type": "aws_eks_cluster",
                    "depends_on": [
                        "aws_iam_role.eks-cluster-role",
                        "aws_iam_role_policy_attachment.cluster-AmazonEKSClusterPolicy",
                        "aws_iam_role_policy_attachment.cluster-AmazonEKSServicePolicy",
                        "aws_security_group.eks-sg"
                    ],
                    "primary": {
                        "id": "EKSTEST-testteam-non-prod-eks-cluster",
                        "attributes": {
                            "arn": "arn:aws:eks:us-east-1:397929331209:cluster/EKSTEST-testteam-non-prod-eks-cluster",
                            "certificate_authority.#": "1",
                            "certificate_authority.0.data": "LS0tLS1CRUdJTiBDRVJUSUZJQ0FURS0tLS0tCk1JSUN5RENDQWJDZ0F3SUJBZ0lCQURBTkJna3Foa2lHOXcwQkFRc0ZBREFWTVJNd0VRWURWUVFERXdwcmRXSmwKY201bGRHVnpNQjRYRFRFNU1EWXdPVEUxTlRneE9Gb1hEVEk1TURZd05qRTFOVGd4T0Zvd0ZURVRNQkVHQTFVRQpBeE1LYTNWaVpYSnVaWFJsY3pDQ0FTSXdEUVlKS29aSWh2Y05BUUVCQlFBRGdnRVBBRENDQVFvQ2dnRUJBTGx0CnN2djd4cVNZS3VaNFhkdXN0NTZGNndmZTV2Vk9nazZFcTA0d254MVNsaHMzSzREcXZHbWd1blJNKzl2ODJOY1YKcS9FTlA0eDNVdEo4c1M1eVF0WE5qTmhRdXhBK05iTkpRVlNpRVQxNWZJT3UzVit2U0JXeTZWM2l1MVdnb2w2Qgo4aWsrdW1ualFXSEdXdnBISUd5YUdYZnd2VVlaT3lmV0ZsaWlBaURQVTVwQ2M3RFptaXV0cHRuQWlpQi94RlRmCjdaU3FxeUhGc3RDMmdQaGVwdTNYYTgzUitLQ0VKbFVNWFhlclF3ZzRla2Qrd2tZWnVVQktFNkhyandhdGhjNFoKenM3RnlBV0k3VThiZmwwOERab0dsZ3B6RzlXd3hzNjQwMG55OHdCcnpjVlAyaTdVN05uZVc4ZVlBRkx6RCtlQgp3c0YyK1lJNzNGYnZyQU45WGdjQ0F3RUFBYU1qTUNFd0RnWURWUjBQQVFIL0JBUURBZ0trTUE4R0ExVWRFd0VCCi93UUZNQU1CQWY4d0RRWUpLb1pJaHZjTkFRRUxCUUFEZ2dFQkFFTTdOUjlZa1gvZmZxNFVhdStBd09hNy9ZSTEKazVGWnJYMmtrQWVlK0kvNnZTVWZ3Q25oWGd4WjkvNFdGNXA3SnQwT0FiSnRndGNQQnVXU2laTHBGbVRNMzc5ZApVZkZwMHFjQWpHU25kejVwN1NJZHVXZXN0NFdiOE5tQU9DRHErWGpqUEcwNkNleGVrSkF1WTRzOEc2YmdkQWljCnozYmFUMnFhRStHVjVRa3BGbzlWcmtZZ3dGY2JwRldmQkc1bk5Pc0xnZmlBczNiL1NnVUJFTk9BQ3Bsd3lzdE8KeE93QmVuWnRpSW1ranJISzFwZjVvYkxBVjJjdXdwdlB2cTJiRlZxRldab2NLTVZYdVRpNytmU1U4TXg3bmNNbQppbnY0RTdmSVg2SDFxaG1VRExRVlYxQmJhTDNCNFBuTFpyWUpseGF1aDJKeGhXalAxUm02d1Y0OHBZcz0KLS0tLS1FTkQgQ0VSVElGSUNBVEUtLS0tLQo=",
                            "created_at": "2019-06-09 15:51:25 +0000 UTC",
                            "enabled_cluster_log_types.#": "0",
                            "endpoint": "https://28C602139AD3C96CAE504B32C058E6D6.gr7.us-east-1.eks.amazonaws.com",
                            "id": "EKSTEST-testteam-non-prod-eks-cluster",
                            "name": "EKSTEST-testteam-non-prod-eks-cluster",
                            "platform_version": "eks.2",
                            "role_arn": "arn:aws:iam::397929331209:role/EKSTEST-testteam-non-prod-eks-cluster-role",
                            "version": "1.12",
                            "vpc_config.#": "1",
                            "vpc_config.0.endpoint_private_access": "true",
                            "vpc_config.0.endpoint_public_access": "true",
                            "vpc_config.0.security_group_ids.#": "1",
                            "vpc_config.0.security_group_ids.2194531263": "sg-0bcaae3c78fc9ac4b",
                            "vpc_config.0.subnet_ids.#": "2",
                            "vpc_config.0.subnet_ids.2760034653": "subnet-0c644f7d33c6e8f58",
                            "vpc_config.0.subnet_ids.796060232": "subnet-0f550f3ca539dad03",
                            "vpc_config.0.vpc_id": "vpc-08e5c60e3c6921176"
                        },
                        "meta": {
                            "e2bfb730-ecaa-11e6-8f88-34363bc7c4c0": {
                                "create": 900000000000,
                                "delete": 900000000000,
                                "update": 3600000000000
                            }
                        },
                        "tainted": false
                    },
                    "deposed": [],
                    "provider": "provider.aws"
                },
                "aws_iam_instance_profile.worker-node": {
                    "type": "aws_iam_instance_profile",
                    "depends_on": [
                        "aws_iam_role.worker-node-role"
                    ],
                    "primary": {
                        "id": "EKSTEST-testteam-non-prod-eks-instance-profile",
                        "attributes": {
                            "arn": "arn:aws:iam::397929331209:instance-profile/EKSTEST-testteam-non-prod-eks-instance-profile",
                            "create_date": "2019-06-09T15:49:17Z",
                            "id": "EKSTEST-testteam-non-prod-eks-instance-profile",
                            "name": "EKSTEST-testteam-non-prod-eks-instance-profile",
                            "path": "/",
                            "role": "EKSTEST-testteam-non-prod-eks-worker-role",
                            "roles.#": "1",
                            "roles.127693687": "EKSTEST-testteam-non-prod-eks-worker-role",
                            "unique_id": "AIPAVZJTPXIEWATE3DGHZ"
                        },
                        "meta": {},
                        "tainted": false
                    },
                    "deposed": [],
                    "provider": "provider.aws"
                },
                "aws_iam_role.eks-cluster-role": {
                    "type": "aws_iam_role",
                    "depends_on": [],
                    "primary": {
                        "id": "EKSTEST-testteam-non-prod-eks-cluster-role",
                        "attributes": {
                            "arn": "arn:aws:iam::397929331209:role/EKSTEST-testteam-non-prod-eks-cluster-role",
                            "assume_role_policy": "{\"Version\":\"2012-10-17\",\"Statement\":[{\"Effect\":\"Allow\",\"Principal\":{\"Service\":\"eks.amazonaws.com\"},\"Action\":\"sts:AssumeRole\"}]}",
                            "create_date": "2019-06-09T15:49:16Z",
                            "description": "",
                            "force_detach_policies": "false",
                            "id": "EKSTEST-testteam-non-prod-eks-cluster-role",
                            "max_session_duration": "3600",
                            "name": "EKSTEST-testteam-non-prod-eks-cluster-role",
                            "path": "/",
                            "tags.%": "0",
                            "unique_id": "AROAVZJTPXIEZENLE4WDI"
                        },
                        "meta": {},
                        "tainted": false
                    },
                    "deposed": [],
                    "provider": "provider.aws"
                },
                "aws_iam_role.worker-node-role": {
                    "type": "aws_iam_role",
                    "depends_on": [],
                    "primary": {
                        "id": "EKSTEST-testteam-non-prod-eks-worker-role",
                        "attributes": {
                            "arn": "arn:aws:iam::397929331209:role/EKSTEST-testteam-non-prod-eks-worker-role",
                            "assume_role_policy": "{\"Version\":\"2012-10-17\",\"Statement\":[{\"Effect\":\"Allow\",\"Principal\":{\"Service\":\"ec2.amazonaws.com\"},\"Action\":\"sts:AssumeRole\"}]}",
                            "create_date": "2019-06-09T15:49:16Z",
                            "description": "",
                            "force_detach_policies": "false",
                            "id": "EKSTEST-testteam-non-prod-eks-worker-role",
                            "max_session_duration": "3600",
                            "name": "EKSTEST-testteam-non-prod-eks-worker-role",
                            "path": "/",
                            "tags.%": "0",
                            "unique_id": "AROAVZJTPXIE7Y67QKMRD"
                        },
                        "meta": {},
                        "tainted": false
                    },
                    "deposed": [],
                    "provider": "provider.aws"
                },
                "aws_iam_role_policy_attachment.cluster-AmazonEKSClusterPolicy": {
                    "type": "aws_iam_role_policy_attachment",
                    "depends_on": [
                        "aws_iam_role.eks-cluster-role"
                    ],
                    "primary": {
                        "id": "EKSTEST-testteam-non-prod-eks-cluster-role-20190609154917658300000005",
                        "attributes": {
                            "id": "EKSTEST-testteam-non-prod-eks-cluster-role-20190609154917658300000005",
                            "policy_arn": "arn:aws:iam::aws:policy/AmazonEKSClusterPolicy",
                            "role": "EKSTEST-testteam-non-prod-eks-cluster-role"
                        },
                        "meta": {},
                        "tainted": false
                    },
                    "deposed": [],
                    "provider": "provider.aws"
                },
                "aws_iam_role_policy_attachment.cluster-AmazonEKSServicePolicy": {
                    "type": "aws_iam_role_policy_attachment",
                    "depends_on": [
                        "aws_iam_role.eks-cluster-role"
                    ],
                    "primary": {
                        "id": "EKSTEST-testteam-non-prod-eks-cluster-role-20190609154917658300000003",
                        "attributes": {
                            "id": "EKSTEST-testteam-non-prod-eks-cluster-role-20190609154917658300000003",
                            "policy_arn": "arn:aws:iam::aws:policy/AmazonEKSServicePolicy",
                            "role": "EKSTEST-testteam-non-prod-eks-cluster-role"
                        },
                        "meta": {},
                        "tainted": false
                    },
                    "deposed": [],
                    "provider": "provider.aws"
                },
                "aws_iam_role_policy_attachment.node-AmazonEC2ContainerRegistryReadOnly": {
                    "type": "aws_iam_role_policy_attachment",
                    "depends_on": [
                        "aws_iam_role.worker-node-role"
                    ],
                    "primary": {
                        "id": "EKSTEST-testteam-non-prod-eks-worker-role-20190609154917658300000002",
                        "attributes": {
                            "id": "EKSTEST-testteam-non-prod-eks-worker-role-20190609154917658300000002",
                            "policy_arn": "arn:aws:iam::aws:policy/AmazonEC2ContainerRegistryReadOnly",
                            "role": "EKSTEST-testteam-non-prod-eks-worker-role"
                        },
                        "meta": {},
                        "tainted": false
                    },
                    "deposed": [],
                    "provider": "provider.aws"
                },
                "aws_iam_role_policy_attachment.node-AmazonEKSWorkerNodePolicy": {
                    "type": "aws_iam_role_policy_attachment",
                    "depends_on": [
                        "aws_iam_role.worker-node-role"
                    ],
                    "primary": {
                        "id": "EKSTEST-testteam-non-prod-eks-worker-role-20190609154917658300000004",
                        "attributes": {
                            "id": "EKSTEST-testteam-non-prod-eks-worker-role-20190609154917658300000004",
                            "policy_arn": "arn:aws:iam::aws:policy/AmazonEKSWorkerNodePolicy",
                            "role": "EKSTEST-testteam-non-prod-eks-worker-role"
                        },
                        "meta": {},
                        "tainted": false
                    },
                    "deposed": [],
                    "provider": "provider.aws"
                },
                "aws_iam_role_policy_attachment.node-AmazonEKS_CNI_Policy": {
                    "type": "aws_iam_role_policy_attachment",
                    "depends_on": [
                        "aws_iam_role.worker-node-role"
                    ],
                    "primary": {
                        "id": "EKSTEST-testteam-non-prod-eks-worker-role-20190609154917648300000001",
                        "attributes": {
                            "id": "EKSTEST-testteam-non-prod-eks-worker-role-20190609154917648300000001",
                            "policy_arn": "arn:aws:iam::aws:policy/AmazonEKS_CNI_Policy",
                            "role": "EKSTEST-testteam-non-prod-eks-worker-role"
                        },
                        "meta": {},
                        "tainted": false
                    },
                    "deposed": [],
                    "provider": "provider.aws"
                },
                "aws_launch_configuration.worker-node-lc": {
                    "type": "aws_launch_configuration",
                    "depends_on": [],
                    "primary": {
                        "id": "EKSTEST-testteam-non-prod-worker-node-20190609162439119500000001",
                        "attributes": {
                            "associate_public_ip_address": "true",
                            "ebs_block_device.#": "0",
                            "ebs_optimized": "false",
                            "enable_monitoring": "true",
                            "ephemeral_block_device.#": "0",
                            "iam_instance_profile": "EKSTEST-testteam-non-prod-eks-instance-profile",
                            "id": "EKSTEST-testteam-non-prod-worker-node-20190609162439119500000001",
                            "image_id": "ami-0abcb9f9190e867ab",
                            "instance_type": "t2.micro",
                            "key_name": "javakey",
                            "name": "EKSTEST-testteam-non-prod-worker-node-20190609162439119500000001",
                            "name_prefix": "EKSTEST-testteam-non-prod-worker-node-",
                            "root_block_device.#": "0",
                            "security_groups.#": "1",
                            "security_groups.3171009140": "sg-0b5143681e4b183da",
                            "spot_price": "",
                            "user_data_base64": "IyEvYmluL2Jhc2ggLXhlCkNBX0NFUlRJRklDQVRFX0RJUkVDVE9SWT0vZXRjL2t1YmVybmV0ZXMvcGtpCkNBX0NFUlRJRklDQVRFX0ZJTEVfUEFUSD0kQ0FfQ0VSVElGSUNBVEVfRElSRUNUT1JZL2NhLmNydApta2RpciAtcCAkQ0FfQ0VSVElGSUNBVEVfRElSRUNUT1JZCmVjaG8gIkxTMHRMUzFDUlVkSlRpQkRSVkpVU1VaSlEwRlVSUzB0TFMwdENrMUpTVU41UkVORFFXSkRaMEYzU1VKQlowbENRVVJCVGtKbmEzRm9hMmxIT1hjd1FrRlJjMFpCUkVGV1RWSk5kMFZSV1VSV1VWRkVSWGR3Y21SWFNtd0tZMjAxYkdSSFZucE5RalJZUkZSRk5VMUVXWGRQVkVVeFRsUm5lRTlHYjFoRVZFazFUVVJaZDA1cVJURk9WR2Q0VDBadmQwWlVSVlJOUWtWSFFURlZSUXBCZUUxTFlUTldhVnBZU25WYVdGSnNZM3BEUTBGVFNYZEVVVmxLUzI5YVNXaDJZMDVCVVVWQ1FsRkJSR2RuUlZCQlJFTkRRVkZ2UTJkblJVSkJUR3gwQ25OMmRqZDRjVk5aUzNWYU5GaGtkWE4wTlRaR05uZG1aVFYyVms5bmF6WkZjVEEwZDI1NE1WTnNhSE16U3pSRWNYWkhiV2QxYmxKTkt6bDJPREpPWTFZS2NTOUZUbEEwZUROVmRFbzRjMU0xZVZGMFdFNXFUbWhSZFhoQkswNWlUa3BSVmxOcFJWUXhOV1pKVDNVelZpdDJVMEpYZVRaV00ybDFNVmRuYjJ3MlFnbzRhV3NyZFcxdWFsRlhTRWRYZG5CSVNVZDVZVWRZWm5kMlZWbGFUM2xtVjBac2FXbEJhVVJRVlRWd1EyTTNSRnB0YVhWMGNIUnVRV2xwUWk5NFJsUm1DamRhVTNGeGVVaEdjM1JETW1kUWFHVndkVE5ZWVRnelVpdExRMFZLYkZWTldGaGxjbEYzWnpSbGEyUXJkMnRaV25WVlFrdEZOa2h5YW5kaGRHaGpORm9LZW5NM1JubEJWMGszVlRoaVptd3dPRVJhYjBkc1ozQjZSemxYZDNoek5qUXdNRzU1T0hkQ2NucGpWbEF5YVRkVk4wNXVaVmM0WlZsQlJreDZSQ3RsUWdwM2MwWXlLMWxKTnpOR1luWnlRVTQ1V0dkalEwRjNSVUZCWVUxcVRVTkZkMFJuV1VSV1VqQlFRVkZJTDBKQlVVUkJaMHRyVFVFNFIwRXhWV1JGZDBWQ0NpOTNVVVpOUVUxQ1FXWTRkMFJSV1VwTGIxcEphSFpqVGtGUlJVeENVVUZFWjJkRlFrRkZUVGRPVWpsWmExZ3ZabVp4TkZWaGRTdEJkMDloTnk5WlNURUthelZHV25KWU1tdHJRV1ZsSzBrdk5uWlRWV1ozUTI1b1dHZDRXamt2TkZkR05YQTNTblF3VDBGaVNuUm5kR05RUW5WWFUybGFUSEJHYlZSTk16YzVaQXBWWmtad01IRmpRV3BIVTI1a2VqVndOMU5KWkhWWFpYTjBORmRpT0U1dFFVOURSSEVyV0dwcVVFY3dOa05sZUdWclNrRjFXVFJ6T0VjMlltZGtRV2xqQ25velltRlVNbkZoUlN0SFZqVlJhM0JHYnpsV2NtdFpaM2RHWTJKd1JsZG1Ra2MxYms1UGMweG5abWxCY3pOaUwxTm5WVUpGVGs5QlEzQnNkM2x6ZEU4S2VFOTNRbVZ1V25ScFNXMXJhbkpJU3pGd1pqVnZZa3hCVmpKamRYZHdkbEIyY1RKaVJsWnhSbGRhYjJOTFRWWllkVlJwTnl0bVUxVTRUWGczYm1OTmJRcHBiblkwUlRkbVNWZzJTREZ4YUcxVlJFeFJWbFl4UW1KaFRETkNORkJ1VEZweVdVcHNlR0YxYURKS2VHaFhhbEF4VW0wMmQxWTBPSEJaY3owS0xTMHRMUzFGVGtRZ1EwVlNWRWxHU1VOQlZFVXRMUzB0TFFvPSIgfCBiYXNlNjQgLWQgPiAgJENBX0NFUlRJRklDQVRFX0ZJTEVfUEFUSApJTlRFUk5BTF9JUD0kKGN1cmwgLXMgaHR0cDovLzE2OS4yNTQuMTY5LjI1NC9sYXRlc3QvbWV0YS1kYXRhL2xvY2FsLWlwdjQpCnNlZCAtaSBzLE1BU1RFUl9FTkRQT0lOVCxodHRwczovLzI4QzYwMjEzOUFEM0M5NkNBRTUwNEIzMkMwNThFNkQ2LmdyNy51cy1lYXN0LTEuZWtzLmFtYXpvbmF3cy5jb20sZyAvdmFyL2xpYi9rdWJlbGV0L2t1YmVjb25maWcKc2VkIC1pIHMsQ0xVU1RFUl9OQU1FLEVLU1RFU1QtdGVzdHRlYW0tbm9uLXByb2QtZWtzLWNsdXN0ZXIsZyAvdmFyL2xpYi9rdWJlbGV0L2t1YmVjb25maWcKc2VkIC1pIHMsUkVHSU9OLHVzLWVhc3QtMSxnIC9ldGMvc3lzdGVtZC9zeXN0ZW0va3ViZWxldC5zZXJ2aWNlCnNlZCAtaSBzLE1BWF9QT0RTLDIwLGcgL2V0Yy9zeXN0ZW1kL3N5c3RlbS9rdWJlbGV0LnNlcnZpY2UKc2VkIC1pIHMsTUFTVEVSX0VORFBPSU5ULGh0dHBzOi8vMjhDNjAyMTM5QUQzQzk2Q0FFNTA0QjMyQzA1OEU2RDYuZ3I3LnVzLWVhc3QtMS5la3MuYW1hem9uYXdzLmNvbSxnIC9ldGMvc3lzdGVtZC9zeXN0ZW0va3ViZWxldC5zZXJ2aWNlCnNlZCAtaSBzLElOVEVSTkFMX0lQLCRJTlRFUk5BTF9JUCxnIC9ldGMvc3lzdGVtZC9zeXN0ZW0va3ViZWxldC5zZXJ2aWNlCkROU19DTFVTVEVSX0lQPTEwLjEwMC4wLjEwCmlmIFtbICRJTlRFUk5BTF9JUCA9PSAxMC4qIF1dIDsgdGhlbiBETlNfQ0xVU1RFUl9JUD0xNzIuMjAuMC4xMDsgZmkKc2VkIC1pIHMsRE5TX0NMVVNURVJfSVAsJEROU19DTFVTVEVSX0lQLGcgL2V0Yy9zeXN0ZW1kL3N5c3RlbS9rdWJlbGV0LnNlcnZpY2UKc2VkIC1pIHMsQ0VSVElGSUNBVEVfQVVUSE9SSVRZX0ZJTEUsJENBX0NFUlRJRklDQVRFX0ZJTEVfUEFUSCxnIC92YXIvbGliL2t1YmVsZXQva3ViZWNvbmZpZwpzZWQgLWkgcyxDTElFTlRfQ0FfRklMRSwkQ0FfQ0VSVElGSUNBVEVfRklMRV9QQVRILGcgIC9ldGMvc3lzdGVtZC9zeXN0ZW0va3ViZWxldC5zZXJ2aWNlCnN5c3RlbWN0bCBkYWVtb24tcmVsb2FkCnN5c3RlbWN0bCByZXN0YXJ0IGt1YmVsZXQK",
                            "vpc_classic_link_id": "",
                            "vpc_classic_link_security_groups.#": "0"
                        },
                        "meta": {},
                        "tainted": false
                    },
                    "deposed": [],
                    "provider": "provider.aws"
                },
                "aws_security_group.eks-sg": {
                    "type": "aws_security_group",
                    "depends_on": [],
                    "primary": {
                        "id": "sg-0bcaae3c78fc9ac4b",
                        "attributes": {
                            "arn": "arn:aws:ec2:us-east-1:397929331209:security-group/sg-0bcaae3c78fc9ac4b",
                            "description": "Cluster communication with worker nodes",
                            "egress.#": "1",
                            "egress.482069346.cidr_blocks.#": "1",
                            "egress.482069346.cidr_blocks.0": "0.0.0.0/0",
                            "egress.482069346.description": "",
                            "egress.482069346.from_port": "0",
                            "egress.482069346.ipv6_cidr_blocks.#": "0",
                            "egress.482069346.prefix_list_ids.#": "0",
                            "egress.482069346.protocol": "-1",
                            "egress.482069346.security_groups.#": "0",
                            "egress.482069346.self": "false",
                            "egress.482069346.to_port": "0",
                            "id": "sg-0bcaae3c78fc9ac4b",
                            "ingress.#": "2",
                            "ingress.4095506760.cidr_blocks.#": "1",
                            "ingress.4095506760.cidr_blocks.0": "0.0.0.0/0",
                            "ingress.4095506760.description": "Allow workstation to communicate with the cluster API Server",
                            "ingress.4095506760.from_port": "443",
                            "ingress.4095506760.ipv6_cidr_blocks.#": "0",
                            "ingress.4095506760.prefix_list_ids.#": "0",
                            "ingress.4095506760.protocol": "tcp",
                            "ingress.4095506760.security_groups.#": "0",
                            "ingress.4095506760.self": "false",
                            "ingress.4095506760.to_port": "443",
                            "ingress.707469907.cidr_blocks.#": "0",
                            "ingress.707469907.description": "Allow pods to communicate with the cluster API Server",
                            "ingress.707469907.from_port": "443",
                            "ingress.707469907.ipv6_cidr_blocks.#": "0",
                            "ingress.707469907.prefix_list_ids.#": "0",
                            "ingress.707469907.protocol": "tcp",
                            "ingress.707469907.security_groups.#": "1",
                            "ingress.707469907.security_groups.3171009140": "sg-0b5143681e4b183da",
                            "ingress.707469907.self": "false",
                            "ingress.707469907.to_port": "443",
                            "name": "EKSTEST-testteam-non-prod-eks-sg",
                            "owner_id": "397929331209",
                            "revoke_rules_on_delete": "false",
                            "tags.%": "1",
                            "tags.Name": "EKSTEST-testteam-non-prod-eks-sg",
                            "vpc_id": "vpc-08e5c60e3c6921176"
                        },
                        "meta": {
                            "e2bfb730-ecaa-11e6-8f88-34363bc7c4c0": {
                                "create": 600000000000,
                                "delete": 600000000000
                            },
                            "schema_version": "1"
                        },
                        "tainted": false
                    },
                    "deposed": [],
                    "provider": "provider.aws"
                },
                "aws_security_group.worker-node-sg": {
                    "type": "aws_security_group",
                    "depends_on": [],
                    "primary": {
                        "id": "sg-0b5143681e4b183da",
                        "attributes": {
                            "arn": "arn:aws:ec2:us-east-1:397929331209:security-group/sg-0b5143681e4b183da",
                            "description": "Security group for all nodes in the cluster",
                            "egress.#": "1",
                            "egress.482069346.cidr_blocks.#": "1",
                            "egress.482069346.cidr_blocks.0": "0.0.0.0/0",
                            "egress.482069346.description": "",
                            "egress.482069346.from_port": "0",
                            "egress.482069346.ipv6_cidr_blocks.#": "0",
                            "egress.482069346.prefix_list_ids.#": "0",
                            "egress.482069346.protocol": "-1",
                            "egress.482069346.security_groups.#": "0",
                            "egress.482069346.self": "false",
                            "egress.482069346.to_port": "0",
                            "id": "sg-0b5143681e4b183da",
                            "ingress.#": "3",
                            "ingress.1884013959.cidr_blocks.#": "0",
                            "ingress.1884013959.description": "Allow worker Kubelets and pods to receive communication from the cluster control plane",
                            "ingress.1884013959.from_port": "1025",
                            "ingress.1884013959.ipv6_cidr_blocks.#": "0",
                            "ingress.1884013959.prefix_list_ids.#": "0",
                            "ingress.1884013959.protocol": "tcp",
                            "ingress.1884013959.security_groups.#": "1",
                            "ingress.1884013959.security_groups.3397193291": "sg-0bcaae3c78fc9ac4b",
                            "ingress.1884013959.self": "false",
                            "ingress.1884013959.to_port": "65535",
                            "ingress.2278689831.cidr_blocks.#": "0",
                            "ingress.2278689831.description": "Allow node to communicate with each other",
                            "ingress.2278689831.from_port": "0",
                            "ingress.2278689831.ipv6_cidr_blocks.#": "0",
                            "ingress.2278689831.prefix_list_ids.#": "0",
                            "ingress.2278689831.protocol": "-1",
                            "ingress.2278689831.security_groups.#": "0",
                            "ingress.2278689831.self": "true",
                            "ingress.2278689831.to_port": "0",
                            "ingress.31326685.cidr_blocks.#": "1",
                            "ingress.31326685.cidr_blocks.0": "0.0.0.0/0",
                            "ingress.31326685.description": "",
                            "ingress.31326685.from_port": "22",
                            "ingress.31326685.ipv6_cidr_blocks.#": "1",
                            "ingress.31326685.ipv6_cidr_blocks.0": "::/0",
                            "ingress.31326685.prefix_list_ids.#": "0",
                            "ingress.31326685.protocol": "tcp",
                            "ingress.31326685.security_groups.#": "0",
                            "ingress.31326685.self": "false",
                            "ingress.31326685.to_port": "22",
                            "name": "EKSTEST-testteam-non-prod-worker-node-sg",
                            "owner_id": "397929331209",
                            "revoke_rules_on_delete": "false",
                            "tags.%": "1",
                            "tags.Name": "EKSTEST-testteam-non-prod-worker-node-sg",
                            "vpc_id": "vpc-08e5c60e3c6921176"
                        },
                        "meta": {
                            "e2bfb730-ecaa-11e6-8f88-34363bc7c4c0": {
                                "create": 600000000000,
                                "delete": 600000000000
                            },
                            "schema_version": "1"
                        },
                        "tainted": false
                    },
                    "deposed": [],
                    "provider": "provider.aws"
                },
                "aws_security_group_rule.ingress-node-https": {
                    "type": "aws_security_group_rule",
                    "depends_on": [
                        "aws_security_group.eks-sg",
                        "aws_security_group.worker-node-sg"
                    ],
                    "primary": {
                        "id": "sgrule-1433327275",
                        "attributes": {
                            "cidr_blocks.#": "0",
                            "description": "Allow pods to communicate with the cluster API Server",
                            "from_port": "443",
                            "id": "sgrule-1433327275",
                            "ipv6_cidr_blocks.#": "0",
                            "prefix_list_ids.#": "0",
                            "protocol": "tcp",
                            "security_group_id": "sg-0bcaae3c78fc9ac4b",
                            "self": "false",
                            "source_security_group_id": "sg-0b5143681e4b183da",
                            "to_port": "443",
                            "type": "ingress"
                        },
                        "meta": {
                            "schema_version": "2"
                        },
                        "tainted": false
                    },
                    "deposed": [],
                    "provider": "provider.aws"
                },
                "aws_security_group_rule.ingress-workstation-https": {
                    "type": "aws_security_group_rule",
                    "depends_on": [
                        "aws_security_group.eks-sg"
                    ],
                    "primary": {
                        "id": "sgrule-2855508273",
                        "attributes": {
                            "cidr_blocks.#": "1",
                            "cidr_blocks.0": "0.0.0.0/0",
                            "description": "Allow workstation to communicate with the cluster API Server",
                            "from_port": "443",
                            "id": "sgrule-2855508273",
                            "ipv6_cidr_blocks.#": "0",
                            "prefix_list_ids.#": "0",
                            "protocol": "tcp",
                            "security_group_id": "sg-0bcaae3c78fc9ac4b",
                            "self": "false",
                            "to_port": "443",
                            "type": "ingress"
                        },
                        "meta": {
                            "schema_version": "2"
                        },
                        "tainted": false
                    },
                    "deposed": [],
                    "provider": "provider.aws"
                },
                "aws_security_group_rule.worker-node-ingress-cluster": {
                    "type": "aws_security_group_rule",
                    "depends_on": [
                        "aws_security_group.eks-sg",
                        "aws_security_group.worker-node-sg"
                    ],
                    "primary": {
                        "id": "sgrule-2068344127",
                        "attributes": {
                            "cidr_blocks.#": "0",
                            "description": "Allow worker Kubelets and pods to receive communication from the cluster control plane",
                            "from_port": "1025",
                            "id": "sgrule-2068344127",
                            "ipv6_cidr_blocks.#": "0",
                            "prefix_list_ids.#": "0",
                            "protocol": "tcp",
                            "security_group_id": "sg-0b5143681e4b183da",
                            "self": "false",
                            "source_security_group_id": "sg-0bcaae3c78fc9ac4b",
                            "to_port": "65535",
                            "type": "ingress"
                        },
                        "meta": {
                            "schema_version": "2"
                        },
                        "tainted": false
                    },
                    "deposed": [],
                    "provider": "provider.aws"
                },
                "aws_security_group_rule.worker-node-ingress-self": {
                    "type": "aws_security_group_rule",
                    "depends_on": [
                        "aws_security_group.worker-node-sg"
                    ],
                    "primary": {
                        "id": "sgrule-1206170085",
                        "attributes": {
                            "cidr_blocks.#": "0",
                            "description": "Allow node to communicate with each other",
                            "from_port": "0",
                            "id": "sgrule-1206170085",
                            "ipv6_cidr_blocks.#": "0",
                            "prefix_list_ids.#": "0",
                            "protocol": "-1",
                            "security_group_id": "sg-0b5143681e4b183da",
                            "self": "false",
                            "source_security_group_id": "sg-0b5143681e4b183da",
                            "to_port": "0",
                            "type": "ingress"
                        },
                        "meta": {
                            "schema_version": "2"
                        },
                        "tainted": false
                    },
                    "deposed": [],
                    "provider": "provider.aws"
                },
                "data.aws_ami.eks-worker-ami": {
                    "type": "aws_ami",
                    "depends_on": [
                        "aws_eks_cluster.eks-cluster"
                    ],
                    "primary": {
                        "id": "ami-0abcb9f9190e867ab",
                        "attributes": {
                            "architecture": "x86_64",
                            "block_device_mappings.#": "1",
                            "block_device_mappings.3798922657.device_name": "/dev/xvda",
                            "block_device_mappings.3798922657.ebs.%": "6",
                            "block_device_mappings.3798922657.ebs.delete_on_termination": "true",
                            "block_device_mappings.3798922657.ebs.encrypted": "false",
                            "block_device_mappings.3798922657.ebs.iops": "0",
                            "block_device_mappings.3798922657.ebs.snapshot_id": "snap-002185798118ef545",
                            "block_device_mappings.3798922657.ebs.volume_size": "20",
                            "block_device_mappings.3798922657.ebs.volume_type": "gp2",
                            "block_device_mappings.3798922657.no_device": "",
                            "block_device_mappings.3798922657.virtual_name": "",
                            "creation_date": "2019-03-30T00:32:52.000Z",
                            "description": "EKS Kubernetes Worker AMI with AmazonLinux2 image (k8s: 1.12.7/2019-03-27/bin/linux/amd64, docker:18.06)",
                            "filter.#": "1",
                            "filter.3458727952.name": "name",
                            "filter.3458727952.values.#": "1",
                            "filter.3458727952.values.0": "amazon-eks-node-1.12-v*",
                            "hypervisor": "xen",
                            "id": "ami-0abcb9f9190e867ab",
                            "image_id": "ami-0abcb9f9190e867ab",
                            "image_location": "amazon/amazon-eks-node-1.12-v20190329",
                            "image_owner_alias": "amazon",
                            "image_type": "machine",
                            "most_recent": "true",
                            "name": "amazon-eks-node-1.12-v20190329",
                            "owner_id": "602401143452",
                            "owners.#": "1",
                            "owners.0": "602401143452",
                            "product_codes.#": "0",
                            "public": "true",
                            "root_device_name": "/dev/xvda",
                            "root_device_type": "ebs",
                            "root_snapshot_id": "snap-002185798118ef545",
                            "sriov_net_support": "simple",
                            "state": "available",
                            "state_reason.%": "2",
                            "state_reason.code": "UNSET",
                            "state_reason.message": "UNSET",
                            "tags.%": "0",
                            "virtualization_type": "hvm"
                        },
                        "meta": {},
                        "tainted": false
                    },
                    "deposed": [],
                    "provider": "provider.aws"
                },
                "data.aws_region.current": {
                    "type": "aws_region",
                    "depends_on": [],
                    "primary": {
                        "id": "us-east-1",
                        "attributes": {
                            "description": "US East (N. Virginia)",
                            "endpoint": "ec2.us-east-1.amazonaws.com",
                            "id": "us-east-1",
                            "name": "us-east-1"
                        },
                        "meta": {},
                        "tainted": false
                    },
                    "deposed": [],
                    "provider": "provider.aws"
                }
            },
            "depends_on": []
        }
    ]
}
